// !$*UTF8*$!
{
	archiveVersion = 1;
	classes = {
	};
	objectVersion = 56;
	objects = {

/* Begin PBXBuildFile section */
		00FBE473E1A088D57DA98CC3 /* Pods_OpenSourceStudy.framework in Frameworks */ = {isa = PBXBuildFile; fileRef = B054724D80FD482C93A0C658 /* Pods_OpenSourceStudy.framework */; };
		332223CE2AFE7EE9004EA458 /* AppDelegate.m in Sources */ = {isa = PBXBuildFile; fileRef = 332223CD2AFE7EE9004EA458 /* AppDelegate.m */; };
		332223D12AFE7EE9004EA458 /* SceneDelegate.m in Sources */ = {isa = PBXBuildFile; fileRef = 332223D02AFE7EE9004EA458 /* SceneDelegate.m */; };
		332223D42AFE7EE9004EA458 /* ViewController.m in Sources */ = {isa = PBXBuildFile; fileRef = 332223D32AFE7EE9004EA458 /* ViewController.m */; };
		332223D72AFE7EE9004EA458 /* Main.storyboard in Resources */ = {isa = PBXBuildFile; fileRef = 332223D52AFE7EE9004EA458 /* Main.storyboard */; };
		332223D92AFE7EEA004EA458 /* Assets.xcassets in Resources */ = {isa = PBXBuildFile; fileRef = 332223D82AFE7EEA004EA458 /* Assets.xcassets */; };
		332223DC2AFE7EEA004EA458 /* LaunchScreen.storyboard in Resources */ = {isa = PBXBuildFile; fileRef = 332223DA2AFE7EEA004EA458 /* LaunchScreen.storyboard */; };
		332223DF2AFE7EEA004EA458 /* main.m in Sources */ = {isa = PBXBuildFile; fileRef = 332223DE2AFE7EEA004EA458 /* main.m */; };
/* End PBXBuildFile section */

/* Begin PBXFileReference section */
		332223C92AFE7EE9004EA458 /* OpenSourceStudy.app */ = {isa = PBXFileReference; explicitFileType = wrapper.application; includeInIndex = 0; path = OpenSourceStudy.app; sourceTree = BUILT_PRODUCTS_DIR; };
		332223CC2AFE7EE9004EA458 /* AppDelegate.h */ = {isa = PBXFileReference; lastKnownFileType = sourcecode.c.h; path = AppDelegate.h; sourceTree = "<group>"; };
		332223CD2AFE7EE9004EA458 /* AppDelegate.m */ = {isa = PBXFileReference; lastKnownFileType = sourcecode.c.objc; path = AppDelegate.m; sourceTree = "<group>"; };
		332223CF2AFE7EE9004EA458 /* SceneDelegate.h */ = {isa = PBXFileReference; lastKnownFileType = sourcecode.c.h; path = SceneDelegate.h; sourceTree = "<group>"; };
		332223D02AFE7EE9004EA458 /* SceneDelegate.m */ = {isa = PBXFileReference; lastKnownFileType = sourcecode.c.objc; path = SceneDelegate.m; sourceTree = "<group>"; };
		332223D22AFE7EE9004EA458 /* ViewController.h */ = {isa = PBXFileReference; lastKnownFileType = sourcecode.c.h; path = ViewController.h; sourceTree = "<group>"; };
		332223D32AFE7EE9004EA458 /* ViewController.m */ = {isa = PBXFileReference; lastKnownFileType = sourcecode.c.objc; path = ViewController.m; sourceTree = "<group>"; };
		332223D62AFE7EE9004EA458 /* Base */ = {isa = PBXFileReference; lastKnownFileType = file.storyboard; name = Base; path = Base.lproj/Main.storyboard; sourceTree = "<group>"; };
		332223D82AFE7EEA004EA458 /* Assets.xcassets */ = {isa = PBXFileReference; lastKnownFileType = folder.assetcatalog; path = Assets.xcassets; sourceTree = "<group>"; };
		332223DB2AFE7EEA004EA458 /* Base */ = {isa = PBXFileReference; lastKnownFileType = file.storyboard; name = Base; path = Base.lproj/LaunchScreen.storyboard; sourceTree = "<group>"; };
		332223DD2AFE7EEA004EA458 /* Info.plist */ = {isa = PBXFileReference; lastKnownFileType = text.plist.xml; path = Info.plist; sourceTree = "<group>"; };
		332223DE2AFE7EEA004EA458 /* main.m */ = {isa = PBXFileReference; lastKnownFileType = sourcecode.c.objc; path = main.m; sourceTree = "<group>"; };
		3C2BD5F1AE8467BF22F3FDD6 /* Pods-OpenSourceStudy.debug.xcconfig */ = {isa = PBXFileReference; includeInIndex = 1; lastKnownFileType = text.xcconfig; name = "Pods-OpenSourceStudy.debug.xcconfig"; path = "Target Support Files/Pods-OpenSourceStudy/Pods-OpenSourceStudy.debug.xcconfig"; sourceTree = "<group>"; };
		6FE240F15AE46366E0AEBEC0 /* Pods-OpenSourceStudy.release.xcconfig */ = {isa = PBXFileReference; includeInIndex = 1; lastKnownFileType = text.xcconfig; name = "Pods-OpenSourceStudy.release.xcconfig"; path = "Target Support Files/Pods-OpenSourceStudy/Pods-OpenSourceStudy.release.xcconfig"; sourceTree = "<group>"; };
		B054724D80FD482C93A0C658 /* Pods_OpenSourceStudy.framework */ = {isa = PBXFileReference; explicitFileType = wrapper.framework; includeInIndex = 0; path = Pods_OpenSourceStudy.framework; sourceTree = BUILT_PRODUCTS_DIR; };
/* End PBXFileReference section */

/* Begin PBXFrameworksBuildPhase section */
		332223C62AFE7EE9004EA458 /* Frameworks */ = {
			isa = PBXFrameworksBuildPhase;
			buildActionMask = 2147483647;
			files = (
				00FBE473E1A088D57DA98CC3 /* Pods_OpenSourceStudy.framework in Frameworks */,
			);
			runOnlyForDeploymentPostprocessing = 0;
		};
/* End PBXFrameworksBuildPhase section */

/* Begin PBXGroup section */
		13BD12F94E9E6A13011D7AC9 /* Frameworks */ = {
			isa = PBXGroup;
			children = (
				B054724D80FD482C93A0C658 /* Pods_OpenSourceStudy.framework */,
			);
			name = Frameworks;
			sourceTree = "<group>";
		};
		332223C02AFE7EE9004EA458 = {
			isa = PBXGroup;
			children = (
				332223CB2AFE7EE9004EA458 /* OpenSourceStudy */,
				332223CA2AFE7EE9004EA458 /* Products */,
				B23E9F21B0E05342094FCED3 /* Pods */,
				13BD12F94E9E6A13011D7AC9 /* Frameworks */,
			);
			sourceTree = "<group>";
		};
		332223CA2AFE7EE9004EA458 /* Products */ = {
			isa = PBXGroup;
			children = (
				332223C92AFE7EE9004EA458 /* OpenSourceStudy.app */,
			);
			name = Products;
			sourceTree = "<group>";
		};
		332223CB2AFE7EE9004EA458 /* OpenSourceStudy */ = {
			isa = PBXGroup;
			children = (
				332223CC2AFE7EE9004EA458 /* AppDelegate.h */,
				332223CD2AFE7EE9004EA458 /* AppDelegate.m */,
				332223CF2AFE7EE9004EA458 /* SceneDelegate.h */,
				332223D02AFE7EE9004EA458 /* SceneDelegate.m */,
				332223D22AFE7EE9004EA458 /* ViewController.h */,
				332223D32AFE7EE9004EA458 /* ViewController.m */,
				332223D52AFE7EE9004EA458 /* Main.storyboard */,
				332223D82AFE7EEA004EA458 /* Assets.xcassets */,
				332223DA2AFE7EEA004EA458 /* LaunchScreen.storyboard */,
				332223DD2AFE7EEA004EA458 /* Info.plist */,
				332223DE2AFE7EEA004EA458 /* main.m */,
			);
			path = OpenSourceStudy;
			sourceTree = "<group>";
		};
		B23E9F21B0E05342094FCED3 /* Pods */ = {
			isa = PBXGroup;
			children = (
				3C2BD5F1AE8467BF22F3FDD6 /* Pods-OpenSourceStudy.debug.xcconfig */,
				6FE240F15AE46366E0AEBEC0 /* Pods-OpenSourceStudy.release.xcconfig */,
			);
			name = Pods;
			path = Pods;
			sourceTree = "<group>";
		};
/* End PBXGroup section */

/* Begin PBXNativeTarget section */
		332223C82AFE7EE9004EA458 /* OpenSourceStudy */ = {
			isa = PBXNativeTarget;
			buildConfigurationList = 332223E22AFE7EEA004EA458 /* Build configuration list for PBXNativeTarget "OpenSourceStudy" */;
			buildPhases = (
				8AD3160366735D0E8CB45C5D /* [CP] Check Pods Manifest.lock */,
				332223C52AFE7EE9004EA458 /* Sources */,
				332223C62AFE7EE9004EA458 /* Frameworks */,
				332223C72AFE7EE9004EA458 /* Resources */,
				DB8FE3504E8421D0E069C4BF /* [CP] Embed Pods Frameworks */,
			);
			buildRules = (
			);
			dependencies = (
			);
			name = OpenSourceStudy;
			productName = OpenSourceStudy;
			productReference = 332223C92AFE7EE9004EA458 /* OpenSourceStudy.app */;
			productType = "com.apple.product-type.application";
		};
/* End PBXNativeTarget section */

/* Begin PBXProject section */
		332223C12AFE7EE9004EA458 /* Project object */ = {
			isa = PBXProject;
			attributes = {
				BuildIndependentTargetsInParallel = 1;
				LastUpgradeCheck = 1500;
				TargetAttributes = {
					332223C82AFE7EE9004EA458 = {
						CreatedOnToolsVersion = 15.0.1;
					};
				};
			};
			buildConfigurationList = 332223C42AFE7EE9004EA458 /* Build configuration list for PBXProject "OpenSourceStudy" */;
			compatibilityVersion = "Xcode 14.0";
			developmentRegion = en;
			hasScannedForEncodings = 0;
			knownRegions = (
				en,
				Base,
			);
			mainGroup = 332223C02AFE7EE9004EA458;
			productRefGroup = 332223CA2AFE7EE9004EA458 /* Products */;
			projectDirPath = "";
			projectRoot = "";
			targets = (
				332223C82AFE7EE9004EA458 /* OpenSourceStudy */,
			);
		};
/* End PBXProject section */

/* Begin PBXResourcesBuildPhase section */
		332223C72AFE7EE9004EA458 /* Resources */ = {
			isa = PBXResourcesBuildPhase;
			buildActionMask = 2147483647;
			files = (
				332223DC2AFE7EEA004EA458 /* LaunchScreen.storyboard in Resources */,
				332223D92AFE7EEA004EA458 /* Assets.xcassets in Resources */,
				332223D72AFE7EE9004EA458 /* Main.storyboard in Resources */,
			);
			runOnlyForDeploymentPostprocessing = 0;
		};
/* End PBXResourcesBuildPhase section */

/* Begin PBXShellScriptBuildPhase section */
		8AD3160366735D0E8CB45C5D /* [CP] Check Pods Manifest.lock */ = {
			isa = PBXShellScriptBuildPhase;
			buildActionMask = 2147483647;
			files = (
			);
			inputFileListPaths = (
			);
			inputPaths = (
				"${PODS_PODFILE_DIR_PATH}/Podfile.lock",
				"${PODS_ROOT}/Manifest.lock",
			);
			name = "[CP] Check Pods Manifest.lock";
			outputFileListPaths = (
			);
			outputPaths = (
				"$(DERIVED_FILE_DIR)/Pods-OpenSourceStudy-checkManifestLockResult.txt",
			);
			runOnlyForDeploymentPostprocessing = 0;
			shellPath = /bin/sh;
			shellScript = "diff \"${PODS_PODFILE_DIR_PATH}/Podfile.lock\" \"${PODS_ROOT}/Manifest.lock\" > /dev/null\nif [ $? != 0 ] ; then\n    # print error to STDERR\n    echo \"error: The sandbox is not in sync with the Podfile.lock. Run 'pod install' or update your CocoaPods installation.\" >&2\n    exit 1\nfi\n# This output is used by Xcode 'outputs' to avoid re-running this script phase.\necho \"SUCCESS\" > \"${SCRIPT_OUTPUT_FILE_0}\"\n";
			showEnvVarsInLog = 0;
		};
		DB8FE3504E8421D0E069C4BF /* [CP] Embed Pods Frameworks */ = {
			isa = PBXShellScriptBuildPhase;
			buildActionMask = 2147483647;
			files = (
			);
			inputFileListPaths = (
				"${PODS_ROOT}/Target Support Files/Pods-OpenSourceStudy/Pods-OpenSourceStudy-frameworks-${CONFIGURATION}-input-files.xcfilelist",
			);
			name = "[CP] Embed Pods Frameworks";
			outputFileListPaths = (
				"${PODS_ROOT}/Target Support Files/Pods-OpenSourceStudy/Pods-OpenSourceStudy-frameworks-${CONFIGURATION}-output-files.xcfilelist",
			);
			runOnlyForDeploymentPostprocessing = 0;
			shellPath = /bin/sh;
			shellScript = "\"${PODS_ROOT}/Target Support Files/Pods-OpenSourceStudy/Pods-OpenSourceStudy-frameworks.sh\"\n";
			showEnvVarsInLog = 0;
		};
/* End PBXShellScriptBuildPhase section */

/* Begin PBXSourcesBuildPhase section */
		332223C52AFE7EE9004EA458 /* Sources */ = {
			isa = PBXSourcesBuildPhase;
			buildActionMask = 2147483647;
			files = (
				332223D42AFE7EE9004EA458 /* ViewController.m in Sources */,
				332223CE2AFE7EE9004EA458 /* AppDelegate.m in Sources */,
				332223DF2AFE7EEA004EA458 /* main.m in Sources */,
				332223D12AFE7EE9004EA458 /* SceneDelegate.m in Sources */,
			);
			runOnlyForDeploymentPostprocessing = 0;
		};
/* End PBXSourcesBuildPhase section */

/* Begin PBXVariantGroup section */
		332223D52AFE7EE9004EA458 /* Main.storyboard */ = {
			isa = PBXVariantGroup;
			children = (
				332223D62AFE7EE9004EA458 /* Base */,
			);
			name = Main.storyboard;
			sourceTree = "<group>";
		};
		332223DA2AFE7EEA004EA458 /* LaunchScreen.storyboard */ = {
			isa = PBXVariantGroup;
			children = (
				332223DB2AFE7EEA004EA458 /* Base */,
			);
			name = LaunchScreen.storyboard;
			sourceTree = "<group>";
		};
/* End PBXVariantGroup section */

/* Begin XCBuildConfiguration section */
		332223E02AFE7EEA004EA458 /* Debug */ = {
			isa = XCBuildConfiguration;
			buildSettings = {
				ALWAYS_SEARCH_USER_PATHS = NO;
				ASSETCATALOG_COMPILER_GENERATE_SWIFT_ASSET_SYMBOL_EXTENSIONS = YES;
				CLANG_ANALYZER_NONNULL = YES;
				CLANG_ANALYZER_NUMBER_OBJECT_CONVERSION = YES_AGGRESSIVE;
				CLANG_CXX_LANGUAGE_STANDARD = "gnu++20";
				CLANG_ENABLE_MODULES = YES;
				CLANG_ENABLE_OBJC_ARC = YES;
				CLANG_ENABLE_OBJC_WEAK = YES;
				CLANG_WARN_BLOCK_CAPTURE_AUTORELEASING = YES;
				CLANG_WARN_BOOL_CONVERSION = YES;
				CLANG_WARN_COMMA = YES;
				CLANG_WARN_CONSTANT_CONVERSION = YES;
				CLANG_WARN_DEPRECATED_OBJC_IMPLEMENTATIONS = YES;
				CLANG_WARN_DIRECT_OBJC_ISA_USAGE = YES_ERROR;
				CLANG_WARN_DOCUMENTATION_COMMENTS = YES;
				CLANG_WARN_EMPTY_BODY = YES;
				CLANG_WARN_ENUM_CONVERSION = YES;
				CLANG_WARN_INFINITE_RECURSION = YES;
				CLANG_WARN_INT_CONVERSION = YES;
				CLANG_WARN_NON_LITERAL_NULL_CONVERSION = YES;
				CLANG_WARN_OBJC_IMPLICIT_RETAIN_SELF = YES;
				CLANG_WARN_OBJC_LITERAL_CONVERSION = YES;
				CLANG_WARN_OBJC_ROOT_CLASS = YES_ERROR;
				CLANG_WARN_QUOTED_INCLUDE_IN_FRAMEWORK_HEADER = YES;
				CLANG_WARN_RANGE_LOOP_ANALYSIS = YES;
				CLANG_WARN_STRICT_PROTOTYPES = YES;
				CLANG_WARN_SUSPICIOUS_MOVE = YES;
				CLANG_WARN_UNGUARDED_AVAILABILITY = YES_AGGRESSIVE;
				CLANG_WARN_UNREACHABLE_CODE = YES;
				CLANG_WARN__DUPLICATE_METHOD_MATCH = YES;
				COPY_PHASE_STRIP = NO;
				DEBUG_INFORMATION_FORMAT = dwarf;
				ENABLE_STRICT_OBJC_MSGSEND = YES;
				ENABLE_TESTABILITY = YES;
				ENABLE_USER_SCRIPT_SANDBOXING = YES;
				GCC_C_LANGUAGE_STANDARD = gnu17;
				GCC_DYNAMIC_NO_PIC = NO;
				GCC_NO_COMMON_BLOCKS = YES;
				GCC_OPTIMIZATION_LEVEL = 0;
				GCC_PREPROCESSOR_DEFINITIONS = (
					"DEBUG=1",
					"$(inherited)",
				);
				GCC_WARN_64_TO_32_BIT_CONVERSION = YES;
				GCC_WARN_ABOUT_RETURN_TYPE = YES_ERROR;
				GCC_WARN_UNDECLARED_SELECTOR = YES;
				GCC_WARN_UNINITIALIZED_AUTOS = YES_AGGRESSIVE;
				GCC_WARN_UNUSED_FUNCTION = YES;
				GCC_WARN_UNUSED_VARIABLE = YES;
				IPHONEOS_DEPLOYMENT_TARGET = 17.0;
				LOCALIZATION_PREFERS_STRING_CATALOGS = YES;
				MTL_ENABLE_DEBUG_INFO = INCLUDE_SOURCE;
				MTL_FAST_MATH = YES;
				ONLY_ACTIVE_ARCH = YES;
				SDKROOT = iphoneos;
			};
			name = Debug;
		};
		332223E12AFE7EEA004EA458 /* Release */ = {
			isa = XCBuildConfiguration;
			buildSettings = {
				ALWAYS_SEARCH_USER_PATHS = NO;
				ASSETCATALOG_COMPILER_GENERATE_SWIFT_ASSET_SYMBOL_EXTENSIONS = YES;
				CLANG_ANALYZER_NONNULL = YES;
				CLANG_ANALYZER_NUMBER_OBJECT_CONVERSION = YES_AGGRESSIVE;
				CLANG_CXX_LANGUAGE_STANDARD = "gnu++20";
				CLANG_ENABLE_MODULES = YES;
				CLANG_ENABLE_OBJC_ARC = YES;
				CLANG_ENABLE_OBJC_WEAK = YES;
				CLANG_WARN_BLOCK_CAPTURE_AUTORELEASING = YES;
				CLANG_WARN_BOOL_CONVERSION = YES;
				CLANG_WARN_COMMA = YES;
				CLANG_WARN_CONSTANT_CONVERSION = YES;
				CLANG_WARN_DEPRECATED_OBJC_IMPLEMENTATIONS = YES;
				CLANG_WARN_DIRECT_OBJC_ISA_USAGE = YES_ERROR;
				CLANG_WARN_DOCUMENTATION_COMMENTS = YES;
				CLANG_WARN_EMPTY_BODY = YES;
				CLANG_WARN_ENUM_CONVERSION = YES;
				CLANG_WARN_INFINITE_RECURSION = YES;
				CLANG_WARN_INT_CONVERSION = YES;
				CLANG_WARN_NON_LITERAL_NULL_CONVERSION = YES;
				CLANG_WARN_OBJC_IMPLICIT_RETAIN_SELF = YES;
				CLANG_WARN_OBJC_LITERAL_CONVERSION = YES;
				CLANG_WARN_OBJC_ROOT_CLASS = YES_ERROR;
				CLANG_WARN_QUOTED_INCLUDE_IN_FRAMEWORK_HEADER = YES;
				CLANG_WARN_RANGE_LOOP_ANALYSIS = YES;
				CLANG_WARN_STRICT_PROTOTYPES = YES;
				CLANG_WARN_SUSPICIOUS_MOVE = YES;
				CLANG_WARN_UNGUARDED_AVAILABILITY = YES_AGGRESSIVE;
				CLANG_WARN_UNREACHABLE_CODE = YES;
				CLANG_WARN__DUPLICATE_METHOD_MATCH = YES;
				COPY_PHASE_STRIP = NO;
				DEBUG_INFORMATION_FORMAT = "dwarf-with-dsym";
				ENABLE_NS_ASSERTIONS = NO;
				ENABLE_STRICT_OBJC_MSGSEND = YES;
				ENABLE_USER_SCRIPT_SANDBOXING = YES;
				GCC_C_LANGUAGE_STANDARD = gnu17;
				GCC_NO_COMMON_BLOCKS = YES;
				GCC_WARN_64_TO_32_BIT_CONVERSION = YES;
				GCC_WARN_ABOUT_RETURN_TYPE = YES_ERROR;
				GCC_WARN_UNDECLARED_SELECTOR = YES;
				GCC_WARN_UNINITIALIZED_AUTOS = YES_AGGRESSIVE;
				GCC_WARN_UNUSED_FUNCTION = YES;
				GCC_WARN_UNUSED_VARIABLE = YES;
				IPHONEOS_DEPLOYMENT_TARGET = 17.0;
				LOCALIZATION_PREFERS_STRING_CATALOGS = YES;
				MTL_ENABLE_DEBUG_INFO = NO;
				MTL_FAST_MATH = YES;
				SDKROOT = iphoneos;
				VALIDATE_PRODUCT = YES;
			};
			name = Release;
		};
		332223E32AFE7EEA004EA458 /* Debug */ = {
			isa = XCBuildConfiguration;
			baseConfigurationReference = 3C2BD5F1AE8467BF22F3FDD6 /* Pods-OpenSourceStudy.debug.xcconfig */;
			buildSettings = {
				ASSETCATALOG_COMPILER_APPICON_NAME = AppIcon;
				ASSETCATALOG_COMPILER_GLOBAL_ACCENT_COLOR_NAME = AccentColor;
				CODE_SIGN_STYLE = Automatic;
				CURRENT_PROJECT_VERSION = 1;
				GENERATE_INFOPLIST_FILE = YES;
				INFOPLIST_FILE = OpenSourceStudy/Info.plist;
				INFOPLIST_KEY_UIApplicationSupportsIndirectInputEvents = YES;
				INFOPLIST_KEY_UILaunchStoryboardName = LaunchScreen;
				INFOPLIST_KEY_UIMainStoryboardFile = Main;
				INFOPLIST_KEY_UISupportedInterfaceOrientations_iPad = "UIInterfaceOrientationPortrait UIInterfaceOrientationPortraitUpsideDown UIInterfaceOrientationLandscapeLeft UIInterfaceOrientationLandscapeRight";
				INFOPLIST_KEY_UISupportedInterfaceOrientations_iPhone = "UIInterfaceOrientationPortrait UIInterfaceOrientationLandscapeLeft UIInterfaceOrientationLandscapeRight";
				LD_RUNPATH_SEARCH_PATHS = (
					"$(inherited)",
					"@executable_path/Frameworks",
				);
				MARKETING_VERSION = 1.0;
				PRODUCT_BUNDLE_IDENTIFIER = iOSStudio.OpenSourceStudy;
				PRODUCT_NAME = "$(TARGET_NAME)";
				SWIFT_EMIT_LOC_STRINGS = YES;
				TARGETED_DEVICE_FAMILY = "1,2";
			};
			name = Debug;
		};
		332223E42AFE7EEA004EA458 /* Release */ = {
			isa = XCBuildConfiguration;
			baseConfigurationReference = 6FE240F15AE46366E0AEBEC0 /* Pods-OpenSourceStudy.release.xcconfig */;
			buildSettings = {
				ASSETCATALOG_COMPILER_APPICON_NAME = AppIcon;
				ASSETCATALOG_COMPILER_GLOBAL_ACCENT_COLOR_NAME = AccentColor;
				CODE_SIGN_STYLE = Automatic;
				CURRENT_PROJECT_VERSION = 1;
				GENERATE_INFOPLIST_FILE = YES;
				INFOPLIST_FILE = OpenSourceStudy/Info.plist;
				INFOPLIST_KEY_UIApplicationSupportsIndirectInputEvents = YES;
				INFOPLIST_KEY_UILaunchStoryboardName = LaunchScreen;
				INFOPLIST_KEY_UIMainStoryboardFile = Main;
				INFOPLIST_KEY_UISupportedInterfaceOrientations_iPad = "UIInterfaceOrientationPortrait UIInterfaceOrientationPortraitUpsideDown UIInterfaceOrientationLandscapeLeft UIInterfaceOrientationLandscapeRight";
				INFOPLIST_KEY_UISupportedInterfaceOrientations_iPhone = "UIInterfaceOrientationPortrait UIInterfaceOrientationLandscapeLeft UIInterfaceOrientationLandscapeRight";
				LD_RUNPATH_SEARCH_PATHS = (
					"$(inherited)",
					"@executable_path/Frameworks",
				);
				MARKETING_VERSION = 1.0;
				PRODUCT_BUNDLE_IDENTIFIER = iOSStudio.OpenSourceStudy;
				PRODUCT_NAME = "$(TARGET_NAME)";
				SWIFT_EMIT_LOC_STRINGS = YES;
				TARGETED_DEVICE_FAMILY = "1,2";
			};
			name = Release;
		};
/* End XCBuildConfiguration section */

/* Begin XCConfigurationList section */
		332223C42AFE7EE9004EA458 /* Build configuration list for PBXProject "OpenSourceStudy" */ = {
			isa = XCConfigurationList;
			buildConfigurations = (
				332223E02AFE7EEA004EA458 /* Debug */,
				332223E12AFE7EEA004EA458 /* Release */,
			);
			defaultConfigurationIsVisible = 0;
			defaultConfigurationName = Release;
		};
		332223E22AFE7EEA004EA458 /* Build configuration list for PBXNativeTarget "OpenSourceStudy" */ = {
			isa = XCConfigurationList;
			buildConfigurations = (
				332223E32AFE7EEA004EA458 /* Debug */,
				332223E42AFE7EEA004EA458 /* Release */,
			);
			defaultConfigurationIsVisible = 0;
			defaultConfigurationName = Release;
		};
/* End XCConfigurationList section */
	};
	rootObject = 332223C12AFE7EE9004EA458 /* Project object */;
}
